
Microsoft Visual Studio Solution File, Format Version 12.00
Project("{FAE04EC0-301F-11D3-BF4B-00C04F79EFBC}") = "Degenooru.Berate", "Degenooru.Berate\Degenooru.Berate.csproj", "{10DAD460-3686-41C2-8393-D81A61AC97CF}"
EndProject
Project("{2150E333-8FDC-42A3-9474-1A3956D46DE8}") = "Root Files", "Root Files", "{E2DE39C8-B20E-447F-A25C-65C0FC792B99}"
ProjectSection(SolutionItems) = preProject
	.gitignore = .gitignore
	Degenooru.sln.DotSettings = Degenooru.sln.DotSettings
	README.md = README.md
EndProjectSection
EndProject
Project("{FAE04EC0-301F-11D3-BF4B-00C04F79EFBC}") = "Degenooru.Tests", "Degenooru.Tests\Degenooru.Tests.csproj", "{00EE58C9-6384-433B-BFBB-91CEAC3D4A07}"
EndProject
Project("{FAE04EC0-301F-11D3-BF4B-00C04F79EFBC}") = "Degenooru.Example", "Degenooru.Example\Degenooru.Example.csproj", "{1766E6CA-E686-49FB-90CD-53615B03ACEA}"
EndProject
Global
	GlobalSection(SolutionConfigurationPlatforms) = preSolution
		Debug|Any CPU = Debug|Any CPU
		Release|Any CPU = Release|Any CPU
	EndGlobalSection
	GlobalSection(ProjectConfigurationPlatforms) = postSolution
		{10DAD460-3686-41C2-8393-D81A61AC97CF}.Debug|Any CPU.ActiveCfg = Debug|Any CPU
		{10DAD460-3686-41C2-8393-D81A61AC97CF}.Debug|Any CPU.Build.0 = Debug|Any CPU
		{10DAD460-3686-41C2-8393-D81A61AC97CF}.Release|Any CPU.ActiveCfg = Release|Any CPU
		{10DAD460-3686-41C2-8393-D81A61AC97CF}.Release|Any CPU.Build.0 = Release|Any CPU
		{00EE58C9-6384-433B-BFBB-91CEAC3D4A07}.Debug|Any CPU.ActiveCfg = Debug|Any CPU
		{00EE58C9-6384-433B-BFBB-91CEAC3D4A07}.Debug|Any CPU.Build.0 = Debug|Any CPU
		{00EE58C9-6384-433B-BFBB-91CEAC3D4A07}.Release|Any CPU.ActiveCfg = Release|Any CPU
		{00EE58C9-6384-433B-BFBB-91CEAC3D4A07}.Release|Any CPU.Build.0 = Release|Any CPU
		{1766E6CA-E686-49FB-90CD-53615B03ACEA}.Debug|Any CPU.ActiveCfg = Debug|Any CPU
		{1766E6CA-E686-49FB-90CD-53615B03ACEA}.Debug|Any CPU.Build.0 = Debug|Any CPU
		{1766E6CA-E686-49FB-90CD-53615B03ACEA}.Release|Any CPU.ActiveCfg = Release|Any CPU
		{1766E6CA-E686-49FB-90CD-53615B03ACEA}.Release|Any CPU.Build.0 = Release|Any CPU
	EndGlobalSection
EndGlobal
